
Microsoft Visual Studio Solution File, Format Version 12.00
# Visual Studio Version 16
VisualStudioVersion = 16.0.30011.22
MinimumVisualStudioVersion = 10.0.40219.1
Project("{FAE04EC0-301F-11D3-BF4B-00C04F79EFBC}") = "MvcMovie", "MvcMovie.csproj", "{7E53704A-AB8A-40BA-A2CF-D2E0BF12552B}"
EndProject
Global
	GlobalSection(SolutionConfigurationPlatforms) = preSolution
		Debug|Any CPU = Debug|Any CPU
		Release|Any CPU = Release|Any CPU
	EndGlobalSection
	GlobalSection(ProjectConfigurationPlatforms) = postSolution
		{7E53704A-AB8A-40BA-A2CF-D2E0BF12552B}.Debug|Any CPU.ActiveCfg = Debug|Any CPU
		{7E53704A-AB8A-40BA-A2CF-D2E0BF12552B}.Debug|Any CPU.Build.0 = Debug|Any CPU
		{7E53704A-AB8A-40BA-A2CF-D2E0BF12552B}.Release|Any CPU.ActiveCfg = Release|Any CPU
		{7E53704A-AB8A-40BA-A2CF-D2E0BF12552B}.Release|Any CPU.Build.0 = Release|Any CPU
	EndGlobalSection
	GlobalSection(SolutionProperties) = preSolution
		HideSolutionNode = FALSE
	EndGlobalSection
	GlobalSection(ExtensibilityGlobals) = postSolution
		SolutionGuid = {ABB8E593-996F-4851-A166-6ACC3FCD4656}
	EndGlobalSection
EndGlobal
